
Microsoft Visual Studio Solution File, Format Version 12.00
Project("{FAE04EC0-301F-11D3-BF4B-00C04F79EFBC}") = "Day6-1", "Day6-1.csproj", "{D78397BD-556C-4FA2-A711-AC9398066D40}"
EndProject
Global
	GlobalSection(SolutionConfigurationPlatforms) = preSolution
		Debug|Any CPU = Debug|Any CPU
		Release|Any CPU = Release|Any CPU
	EndGlobalSection
	GlobalSection(ProjectConfigurationPlatforms) = postSolution
		{D78397BD-556C-4FA2-A711-AC9398066D40}.Debug|Any CPU.ActiveCfg = Debug|Any CPU
		{D78397BD-556C-4FA2-A711-AC9398066D40}.Debug|Any CPU.Build.0 = Debug|Any CPU
		{D78397BD-556C-4FA2-A711-AC9398066D40}.Release|Any CPU.ActiveCfg = Release|Any CPU
		{D78397BD-556C-4FA2-A711-AC9398066D40}.Release|Any CPU.Build.0 = Release|Any CPU
	EndGlobalSection
EndGlobal
